
Microsoft Visual Studio Solution File, Format Version 12.00
# Visual Studio 2012
Project("{FAE04EC0-301F-11D3-BF4B-00C04F79EFBC}") = "UrlsAndRoutes", "UrlsAndRoutes\UrlsAndRoutes.csproj", "{B9B92451-6C4D-4D82-863B-E0290A3D8385}"
EndProject
Project("{FAE04EC0-301F-11D3-BF4B-00C04F79EFBC}") = "UrlsAndRoutes.Tests", "UrlsAndRoutes.Tests\UrlsAndRoutes.Tests.csproj", "{69C70200-D990-48B4-B57F-A735BB5DA186}"
EndProject
Global
	GlobalSection(SolutionConfigurationPlatforms) = preSolution
		Debug|Any CPU = Debug|Any CPU
		Release|Any CPU = Release|Any CPU
	EndGlobalSection
	GlobalSection(ProjectConfigurationPlatforms) = postSolution
		{B9B92451-6C4D-4D82-863B-E0290A3D8385}.Debug|Any CPU.ActiveCfg = Debug|Any CPU
		{B9B92451-6C4D-4D82-863B-E0290A3D8385}.Debug|Any CPU.Build.0 = Debug|Any CPU
		{B9B92451-6C4D-4D82-863B-E0290A3D8385}.Release|Any CPU.ActiveCfg = Release|Any CPU
		{B9B92451-6C4D-4D82-863B-E0290A3D8385}.Release|Any CPU.Build.0 = Release|Any CPU
		{69C70200-D990-48B4-B57F-A735BB5DA186}.Debug|Any CPU.ActiveCfg = Debug|Any CPU
		{69C70200-D990-48B4-B57F-A735BB5DA186}.Debug|Any CPU.Build.0 = Debug|Any CPU
		{69C70200-D990-48B4-B57F-A735BB5DA186}.Release|Any CPU.ActiveCfg = Release|Any CPU
		{69C70200-D990-48B4-B57F-A735BB5DA186}.Release|Any CPU.Build.0 = Release|Any CPU
	EndGlobalSection
	GlobalSection(SolutionProperties) = preSolution
		HideSolutionNode = FALSE
	EndGlobalSection
EndGlobal
